
Microsoft Visual Studio Solution File, Format Version 12.00
# Visual Studio Version 16
VisualStudioVersion = 16.0.31205.134
MinimumVisualStudioVersion = 10.0.40219.1
Project("{FAE04EC0-301F-11D3-BF4B-00C04F79EFBC}") = "hospital-management", "hospital-management.csproj", "{39BC3EC2-5979-4CC4-A000-9A1B56B02F96}"
EndProject
Global
	GlobalSection(SolutionConfigurationPlatforms) = preSolution
		Debug|Any CPU = Debug|Any CPU
		Release|Any CPU = Release|Any CPU
	EndGlobalSection
	GlobalSection(ProjectConfigurationPlatforms) = postSolution
		{39BC3EC2-5979-4CC4-A000-9A1B56B02F96}.Debug|Any CPU.ActiveCfg = Debug|Any CPU
		{39BC3EC2-5979-4CC4-A000-9A1B56B02F96}.Debug|Any CPU.Build.0 = Debug|Any CPU
		{39BC3EC2-5979-4CC4-A000-9A1B56B02F96}.Release|Any CPU.ActiveCfg = Release|Any CPU
		{39BC3EC2-5979-4CC4-A000-9A1B56B02F96}.Release|Any CPU.Build.0 = Release|Any CPU
	EndGlobalSection
	GlobalSection(SolutionProperties) = preSolution
		HideSolutionNode = FALSE
	EndGlobalSection
	GlobalSection(ExtensibilityGlobals) = postSolution
		SolutionGuid = {34E67C3B-3C9B-48BB-BAAB-40171786BA07}
	EndGlobalSection
EndGlobal
